
Microsoft Visual Studio Solution File, Format Version 12.00
# Visual Studio Version 17
VisualStudioVersion = 17.10.35004.147
MinimumVisualStudioVersion = 10.0.40219.1
Project("{FAE04EC0-301F-11D3-BF4B-00C04F79EFBC}") = "FIAP_PrimeiraApi", "FIAP_PrimeiraApi\FIAP_PrimeiraApi.csproj", "{BDB59D81-DDDB-409C-9D51-6A6E77970E4D}"
EndProject
Global
	GlobalSection(SolutionConfigurationPlatforms) = preSolution
		Debug|Any CPU = Debug|Any CPU
		Release|Any CPU = Release|Any CPU
	EndGlobalSection
	GlobalSection(ProjectConfigurationPlatforms) = postSolution
		{BDB59D81-DDDB-409C-9D51-6A6E77970E4D}.Debug|Any CPU.ActiveCfg = Debug|Any CPU
		{BDB59D81-DDDB-409C-9D51-6A6E77970E4D}.Debug|Any CPU.Build.0 = Debug|Any CPU
		{BDB59D81-DDDB-409C-9D51-6A6E77970E4D}.Release|Any CPU.ActiveCfg = Release|Any CPU
		{BDB59D81-DDDB-409C-9D51-6A6E77970E4D}.Release|Any CPU.Build.0 = Release|Any CPU
	EndGlobalSection
	GlobalSection(SolutionProperties) = preSolution
		HideSolutionNode = FALSE
	EndGlobalSection
	GlobalSection(ExtensibilityGlobals) = postSolution
		SolutionGuid = {9B26AB2C-0D24-440F-9B36-66327B904ECA}
	EndGlobalSection
EndGlobal
